<?xml version="1.0" encoding="utf-8"?>
<Project ToolsVersion="4.0" xmlns="http://schemas.microsoft.com/developer/msbuild/2003">
  <ItemGroup>
    <ClCompile Include="src\utilities\FileLoader.cpp">
      <Filter>Source Files</Filter>
    </ClCompile>
    <ClCompile Include="src\app\Main.cpp">
      <Filter>Source Files</Filter>
    </ClCompile>
    <ClCompile Include="src\engine\Mesh.cpp">
      <Filter>Source Files</Filter>
    </ClCompile>
    <ClCompile Include="src\engine\Renderer.cpp">
      <Filter>Source Files</Filter>
    </ClCompile>
    <ClCompile Include="src\engine\SceneRenderer.cpp">
      <Filter>Source Files</Filter>
    </ClCompile>
    <ClCompile Include="src\engine\shader\ShaderProgram.cpp">
      <Filter>Source Files</Filter>
    </ClCompile>
    <ClCompile Include="src\engine\Texture.cpp">
      <Filter>Source Files</Filter>
    </ClCompile>
    <ClCompile Include="src\window\Window.cpp">
      <Filter>Source Files</Filter>
    </ClCompile>
    <ClCompile Include="src\engine\shader\UniformMap.cpp">
      <Filter>Source Files</Filter>
    </ClCompile>
    <ClCompile Include="src\app\glad.c" />
    <ClCompile Include="src\window\Input.cpp">
      <Filter>Source Files</Filter>
    </ClCompile>
    <ClCompile Include="src\engine\scene\Camera.cpp">
      <Filter>Source Files</Filter>
    </ClCompile>
    <ClCompile Include="src\app\Application.cpp">
      <Filter>Source Files</Filter>
    </ClCompile>
    <ClCompile Include="src\engine\ModelLoader.cpp" />
    <ClCompile Include="src\engine\scene\Projection.cpp" />
    <ClCompile Include="src\engine\scene\Scene.cpp" />
    <ClCompile Include="src\engine\scene\lights\SceneLights.cpp" />
    <ClCompile Include="include\imgui\imgui.cpp" />
    <ClCompile Include="include\imgui\imgui_demo.cpp" />
    <ClCompile Include="include\imgui\imgui_draw.cpp" />
    <ClCompile Include="include\imgui\imgui_impl_glfw.cpp" />
    <ClCompile Include="include\imgui\imgui_impl_opengl3.cpp" />
    <ClCompile Include="include\imgui\imgui_tables.cpp" />
    <ClCompile Include="include\imgui\imgui_widgets.cpp" />
    <ClCompile Include="src\engine\hud\Hud.cpp" />
    <ClCompile Include="src\engine\Framebuffer.cpp" />
    <ClCompile Include="src\engine\hud\LightUi.cpp" />
    <ClCompile Include="src\utilities\ImageLoader.cpp" />
    <ClCompile Include="src\utilities\FileListing.cpp" />
    <ClCompile Include="src\engine\hud\TextureViewer.cpp" />
    <ClCompile Include="src\engine\FileModel.cpp" />
  </ItemGroup>
  <ItemGroup>
    <ClInclude Include="src\window\Window.h">
      <Filter>HeaderFiles</Filter>
    </ClInclude>
    <ClInclude Include="src\engine\Texture.h">
      <Filter>HeaderFiles</Filter>
    </ClInclude>
    <ClInclude Include="src\engine\shader\ShaderProgram.h">
      <Filter>HeaderFiles</Filter>
    </ClInclude>
    <ClInclude Include="src\engine\SceneRenderer.h">
      <Filter>HeaderFiles</Filter>
    </ClInclude>
    <ClInclude Include="src\engine\Renderer.h">
      <Filter>HeaderFiles</Filter>
    </ClInclude>
    <ClInclude Include="src\engine\Mesh.h">
      <Filter>HeaderFiles</Filter>
    </ClInclude>
    <ClInclude Include="src\utilities\FileLoader.h">
      <Filter>HeaderFiles</Filter>
    </ClInclude>
    <ClInclude Include="src\engine\shader\UniformMap.h">
      <Filter>HeaderFiles</Filter>
    </ClInclude>
    <ClInclude Include="src\window\Input.h">
      <Filter>HeaderFiles</Filter>
    </ClInclude>
    <ClInclude Include="src\engine\scene\Camera.h">
      <Filter>HeaderFiles</Filter>
    </ClInclude>
    <ClInclude Include="src\app\Application.h">
      <Filter>HeaderFiles</Filter>
    </ClInclude>
    <ClInclude Include="src\engine\ModelLoader.h" />
    <ClInclude Include="src\engine\scene\lights\Light.h" />
    <ClInclude Include="src\engine\scene\lights\SceneLights.h" />
    <ClInclude Include="src\engine\scene\Projection.h" />
    <ClInclude Include="src\engine\scene\Scene.h" />
    <ClInclude Include="include\imgui\imconfig.h" />
    <ClInclude Include="include\imgui\imgui.h" />
    <ClInclude Include="include\imgui\imgui_impl_glfw.h" />
    <ClInclude Include="include\imgui\imgui_impl_opengl3.h" />
    <ClInclude Include="include\imgui\imgui_internal.h" />
    <ClInclude Include="include\imgui\imstb_rectpack.h" />
    <ClInclude Include="include\imgui\imstb_textedit.h" />
    <ClInclude Include="include\imgui\imstb_truetype.h" />
    <ClInclude Include="include\imgui\imgui_impl_opengl3_loader.h" />
    <ClInclude Include="src\engine\hud\Hud.h" />
    <ClInclude Include="src\engine\Framebuffer.h" />
    <ClInclude Include="src\engine\hud\LightUi.h" />
    <ClInclude Include="src\utilities\ImageLoader.h" />
    <ClInclude Include="src\engine\scene\Fog.h" />
    <ClInclude Include="src\utilities\FileListing.h" />
    <ClInclude Include="src\engine\hud\TextureViewer.h" />
    <ClInclude Include="src\engine\FileModel.h" />
  </ItemGroup>
  <ItemGroup>
    <None Include="resources\shaders\shader.frag">
      <Filter>Resource Files</Filter>
    </None>
    <None Include="resources\shaders\shader.vert">
      <Filter>Resource Files</Filter>
    </None>
    <None Include="src\glfw3.dll" />
    <None Include="resources\shaders\lightShader.frag" />
    <None Include="resources\shaders\lightShader.vert" />
    <None Include="resources\shaders\basicShader.vert" />
    <None Include="resources\shaders\basicShader.frag" />
    <None Include="src\assimp-vc143-mtd.dll" />
  </ItemGroup>
  <ItemGroup>
    <Filter Include="Source Files">
      <UniqueIdentifier>{0627faf9-e51a-4c7d-86b9-ad70c5d93d60}</UniqueIdentifier>
    </Filter>
    <Filter Include="HeaderFiles">
      <UniqueIdentifier>{ea490425-81fa-4817-8795-7ce5fa5987de}</UniqueIdentifier>
    </Filter>
    <Filter Include="Resource Files">
      <UniqueIdentifier>{53e042f5-5628-4513-aa37-23094cf70ef5}</UniqueIdentifier>
    </Filter>
  </ItemGroup>
  <ItemGroup>
    <Image Include="resources\images\container.jpg">
      <Filter>Resource Files</Filter>
    </Image>
    <Image Include="resources\images\awesomeface.png">
      <Filter>Resource Files</Filter>
    </Image>
    <Image Include="resources\images\container2.png" />
    <Image Include="resources\images\container2_specular.png" />
    <Image Include="resources\images\a.png" />
    <Image Include="resources\models\a.png" />
    <Image Include="resources\images\icons\icons8-folder-50.png" />
  </ItemGroup>
</Project>